{
  "name": "WeMall",
  "lockfileVersion": 2,
  "requires": true,
  "packages": {
    "": {
      "dependencies": {
        "easemob-websdk": "^4.0.3"
      }
    },
    "node_modules/easemob-websdk": {
      "version": "4.0.3",
      "resolved": "https://registry.npmmirror.com/easemob-websdk/-/easemob-websdk-4.0.3.tgz",
      "integrity": "sha512-M7dN5lXt7di7EA+7WQ/A7fe+uxeUALufouTnEttVgx3cpPlGj2BTL+4JntxJHIu716W5j8jXlXNh9ZOOTQigUA=="
    }
  },
  "dependencies": {
    "easemob-websdk": {
      "version": "4.0.3",
      "resolved": "https://registry.npmmirror.com/easemob-websdk/-/easemob-websdk-4.0.3.tgz",
      "integrity": "sha512-M7dN5lXt7di7EA+7WQ/A7fe+uxeUALufouTnEttVgx3cpPlGj2BTL+4JntxJHIu716W5j8jXlXNh9ZOOTQigUA=="
    }
  }
}
